
Microsoft Visual Studio Solution File, Format Version 12.00
# Visual Studio Version 17
VisualStudioVersion = 17.14.36414.22 d17.14
MinimumVisualStudioVersion = 10.0.40219.1
Project("{FAE04EC0-301F-11D3-BF4B-00C04F79EFBC}") = "Simulação de cargas de requisição", "Simulação de cargas de requisição\Simulação de cargas de requisição.csproj", "{16944978-A56B-400C-84C1-2434D4E1B062}"
EndProject
Global
	GlobalSection(SolutionConfigurationPlatforms) = preSolution
		Debug|Any CPU = Debug|Any CPU
		Release|Any CPU = Release|Any CPU
	EndGlobalSection
	GlobalSection(ProjectConfigurationPlatforms) = postSolution
		{16944978-A56B-400C-84C1-2434D4E1B062}.Debug|Any CPU.ActiveCfg = Debug|Any CPU
		{16944978-A56B-400C-84C1-2434D4E1B062}.Debug|Any CPU.Build.0 = Debug|Any CPU
		{16944978-A56B-400C-84C1-2434D4E1B062}.Release|Any CPU.ActiveCfg = Release|Any CPU
		{16944978-A56B-400C-84C1-2434D4E1B062}.Release|Any CPU.Build.0 = Release|Any CPU
	EndGlobalSection
	GlobalSection(SolutionProperties) = preSolution
		HideSolutionNode = FALSE
	EndGlobalSection
	GlobalSection(ExtensibilityGlobals) = postSolution
		SolutionGuid = {968596DD-DB1D-40C6-BD99-861C9D445769}
	EndGlobalSection
EndGlobal
