
Microsoft Visual Studio Solution File, Format Version 12.00
# Visual Studio Version 17
VisualStudioVersion = 17.14.36414.22 d17.14
MinimumVisualStudioVersion = 10.0.40219.1
Project("{FAE04EC0-301F-11D3-BF4B-00C04F79EFBC}") = "Soma e Média de Valores com List", "Soma e Média de Valores com List\Soma e Média de Valores com List.csproj", "{61BC825C-8AE7-4573-A75A-A9039A971C86}"
EndProject
Global
	GlobalSection(SolutionConfigurationPlatforms) = preSolution
		Debug|Any CPU = Debug|Any CPU
		Release|Any CPU = Release|Any CPU
	EndGlobalSection
	GlobalSection(ProjectConfigurationPlatforms) = postSolution
		{61BC825C-8AE7-4573-A75A-A9039A971C86}.Debug|Any CPU.ActiveCfg = Debug|Any CPU
		{61BC825C-8AE7-4573-A75A-A9039A971C86}.Debug|Any CPU.Build.0 = Debug|Any CPU
		{61BC825C-8AE7-4573-A75A-A9039A971C86}.Release|Any CPU.ActiveCfg = Release|Any CPU
		{61BC825C-8AE7-4573-A75A-A9039A971C86}.Release|Any CPU.Build.0 = Release|Any CPU
	EndGlobalSection
	GlobalSection(SolutionProperties) = preSolution
		HideSolutionNode = FALSE
	EndGlobalSection
	GlobalSection(ExtensibilityGlobals) = postSolution
		SolutionGuid = {B379CC38-ADBE-43D5-9715-4527116B1A75}
	EndGlobalSection
EndGlobal
