
Microsoft Visual Studio Solution File, Format Version 12.00
# Visual Studio Version 17
VisualStudioVersion = 17.14.36414.22 d17.14
MinimumVisualStudioVersion = 10.0.40219.1
Project("{FAE04EC0-301F-11D3-BF4B-00C04F79EFBC}") = "Simulação geração de defeitos", "Simulação geração de defeitos\Simulação geração de defeitos.csproj", "{6AEBD24D-048C-4EFC-8588-737C18A86468}"
EndProject
Global
	GlobalSection(SolutionConfigurationPlatforms) = preSolution
		Debug|Any CPU = Debug|Any CPU
		Release|Any CPU = Release|Any CPU
	EndGlobalSection
	GlobalSection(ProjectConfigurationPlatforms) = postSolution
		{6AEBD24D-048C-4EFC-8588-737C18A86468}.Debug|Any CPU.ActiveCfg = Debug|Any CPU
		{6AEBD24D-048C-4EFC-8588-737C18A86468}.Debug|Any CPU.Build.0 = Debug|Any CPU
		{6AEBD24D-048C-4EFC-8588-737C18A86468}.Release|Any CPU.ActiveCfg = Release|Any CPU
		{6AEBD24D-048C-4EFC-8588-737C18A86468}.Release|Any CPU.Build.0 = Release|Any CPU
	EndGlobalSection
	GlobalSection(SolutionProperties) = preSolution
		HideSolutionNode = FALSE
	EndGlobalSection
	GlobalSection(ExtensibilityGlobals) = postSolution
		SolutionGuid = {3EA9E796-1C78-4563-A722-86434E99A766}
	EndGlobalSection
EndGlobal
